
Microsoft Visual Studio Solution File, Format Version 12.00
# Visual Studio 15
VisualStudioVersion = 15.0.33529.398
MinimumVisualStudioVersion = 10.0.40219.1
Project("{D2ABAB84-BF74-430A-B69E-9DC6D40DDA17}") = "Group14-D2Updated", "Group14-D2Updated.dwproj", "{1205F68F-D9AC-463D-8E9C-00BBD9080E27}"
EndProject
Global
	GlobalSection(SolutionConfigurationPlatforms) = preSolution
		Development|Default = Development|Default
	EndGlobalSection
	GlobalSection(ProjectConfigurationPlatforms) = postSolution
		{1205F68F-D9AC-463D-8E9C-00BBD9080E27}.Development|Default.ActiveCfg = Development
		{1205F68F-D9AC-463D-8E9C-00BBD9080E27}.Development|Default.Build.0 = Development
		{1205F68F-D9AC-463D-8E9C-00BBD9080E27}.Development|Default.Deploy.0 = Development
	EndGlobalSection
	GlobalSection(SolutionProperties) = preSolution
		HideSolutionNode = FALSE
	EndGlobalSection
	GlobalSection(ExtensibilityGlobals) = postSolution
		SolutionGuid = {8B1D2A64-A449-4FD8-8E29-FC4F2A9BA7DC}
	EndGlobalSection
EndGlobal
